
Microsoft Visual Studio Solution File, Format Version 12.00
# Visual Studio 15
VisualStudioVersion = 15.0.28307.136
MinimumVisualStudioVersion = 10.0.40219.1
Project("{9A19103F-16F7-4668-BE54-9A1E7A4F7556}") = "Pets.Web", "Pets.Web\Pets.Web.csproj", "{A7FCB514-A107-48F4-9614-D4E7E332D1E8}"
EndProject
Project("{FAE04EC0-301F-11D3-BF4B-00C04F79EFBC}") = "Pets.Services", "Pets.Services\Pets.Services.csproj", "{EADC9C1C-806E-4AF2-87AF-1D56A376E267}"
EndProject
Project("{FAE04EC0-301F-11D3-BF4B-00C04F79EFBC}") = "Pets.Data", "Pets.Data\Pets.Data.csproj", "{BD9ABAF4-29C2-42D5-B625-D604E0A44633}"
EndProject
Project("{FAE04EC0-301F-11D3-BF4B-00C04F79EFBC}") = "Pets.Core", "Pets.Core\Pets.Core.csproj", "{DCBDA808-AB4B-4DFD-AD76-622F81AD4570}"
EndProject
Global
	GlobalSection(SolutionConfigurationPlatforms) = preSolution
		Debug|Any CPU = Debug|Any CPU
		Release|Any CPU = Release|Any CPU
	EndGlobalSection
	GlobalSection(ProjectConfigurationPlatforms) = postSolution
		{A7FCB514-A107-48F4-9614-D4E7E332D1E8}.Debug|Any CPU.ActiveCfg = Debug|Any CPU
		{A7FCB514-A107-48F4-9614-D4E7E332D1E8}.Debug|Any CPU.Build.0 = Debug|Any CPU
		{A7FCB514-A107-48F4-9614-D4E7E332D1E8}.Release|Any CPU.ActiveCfg = Release|Any CPU
		{A7FCB514-A107-48F4-9614-D4E7E332D1E8}.Release|Any CPU.Build.0 = Release|Any CPU
		{EADC9C1C-806E-4AF2-87AF-1D56A376E267}.Debug|Any CPU.ActiveCfg = Debug|Any CPU
		{EADC9C1C-806E-4AF2-87AF-1D56A376E267}.Debug|Any CPU.Build.0 = Debug|Any CPU
		{EADC9C1C-806E-4AF2-87AF-1D56A376E267}.Release|Any CPU.ActiveCfg = Release|Any CPU
		{EADC9C1C-806E-4AF2-87AF-1D56A376E267}.Release|Any CPU.Build.0 = Release|Any CPU
		{BD9ABAF4-29C2-42D5-B625-D604E0A44633}.Debug|Any CPU.ActiveCfg = Debug|Any CPU
		{BD9ABAF4-29C2-42D5-B625-D604E0A44633}.Debug|Any CPU.Build.0 = Debug|Any CPU
		{BD9ABAF4-29C2-42D5-B625-D604E0A44633}.Release|Any CPU.ActiveCfg = Release|Any CPU
		{BD9ABAF4-29C2-42D5-B625-D604E0A44633}.Release|Any CPU.Build.0 = Release|Any CPU
		{DCBDA808-AB4B-4DFD-AD76-622F81AD4570}.Debug|Any CPU.ActiveCfg = Debug|Any CPU
		{DCBDA808-AB4B-4DFD-AD76-622F81AD4570}.Debug|Any CPU.Build.0 = Debug|Any CPU
		{DCBDA808-AB4B-4DFD-AD76-622F81AD4570}.Release|Any CPU.ActiveCfg = Release|Any CPU
		{DCBDA808-AB4B-4DFD-AD76-622F81AD4570}.Release|Any CPU.Build.0 = Release|Any CPU
	EndGlobalSection
	GlobalSection(SolutionProperties) = preSolution
		HideSolutionNode = FALSE
	EndGlobalSection
	GlobalSection(ExtensibilityGlobals) = postSolution
		SolutionGuid = {BBD5751F-FDAB-4B71-B6B1-022DBFAC779A}
	EndGlobalSection
EndGlobal
