
Microsoft Visual Studio Solution File, Format Version 12.00
# Visual Studio 15
VisualStudioVersion = 15.0.27130.2027
MinimumVisualStudioVersion = 10.0.40219.1
Project("{9A19103F-16F7-4668-BE54-9A1E7A4F7556}") = "Pets.Web", "Pets.Web\Pets.Web.csproj", "{A7FCB514-A107-48F4-9614-D4E7E332D1E8}"
EndProject
Project("{9A19103F-16F7-4668-BE54-9A1E7A4F7556}") = "Pets.Services", "Pets.Services\Pets.Services.csproj", "{EADC9C1C-806E-4AF2-87AF-1D56A376E267}"
EndProject
Project("{9A19103F-16F7-4668-BE54-9A1E7A4F7556}") = "Pets.Data", "Pets.Data\Pets.Data.csproj", "{BD9ABAF4-29C2-42D5-B625-D604E0A44633}"
EndProject
Project("{9A19103F-16F7-4668-BE54-9A1E7A4F7556}") = "Pets.Core", "Pets.Core\Pets.Core.csproj", "{DCBDA808-AB4B-4DFD-AD76-622F81AD4570}"
EndProject
Project("{2150E333-8FDC-42A3-9474-1A3956D46DE8}") = "Data", "Data", "{193A71D0-5616-4F7A-86F8-F1CBFBB323D3}"
EndProject
Project("{9A19103F-16F7-4668-BE54-9A1E7A4F7556}") = "Pets.Data.Common", "Pets.Data.Common\Pets.Data.Common.csproj", "{78A34D16-3DB7-4505-8D3D-58CC8CB816D4}"
EndProject
Project("{9A19103F-16F7-4668-BE54-9A1E7A4F7556}") = "Pets.Data.Models", "Pets.Data.Models\Pets.Data.Models.csproj", "{27EC4A23-3BF5-488C-88D2-0A8FC71D0006}"
EndProject
Project("{2150E333-8FDC-42A3-9474-1A3956D46DE8}") = "Services", "Services", "{CFFC7D71-9300-4374-9ADA-0238FEADBDC8}"
EndProject
Project("{2150E333-8FDC-42A3-9474-1A3956D46DE8}") = "Web", "Web", "{7254AF83-4781-492F-BFE3-C11AC3B203D3}"
EndProject
Project("{FAE04EC0-301F-11D3-BF4B-00C04F79EFBC}") = "Pets.Services.Messaging", "Pets.Services.Messaging\Pets.Services.Messaging.csproj", "{8659A7DC-5BE0-4390-BF02-5964364D07C4}"
EndProject
Project("{FAE04EC0-301F-11D3-BF4B-00C04F79EFBC}") = "Pets.Common", "Pets.Common\Pets.Common.csproj", "{EB0362C2-4B56-4075-BCD8-42A4F2F7B778}"
EndProject
Global
	GlobalSection(SolutionConfigurationPlatforms) = preSolution
		Debug|Any CPU = Debug|Any CPU
		Release|Any CPU = Release|Any CPU
	EndGlobalSection
	GlobalSection(ProjectConfigurationPlatforms) = postSolution
		{A7FCB514-A107-48F4-9614-D4E7E332D1E8}.Debug|Any CPU.ActiveCfg = Debug|Any CPU
		{A7FCB514-A107-48F4-9614-D4E7E332D1E8}.Debug|Any CPU.Build.0 = Debug|Any CPU
		{A7FCB514-A107-48F4-9614-D4E7E332D1E8}.Release|Any CPU.ActiveCfg = Release|Any CPU
		{A7FCB514-A107-48F4-9614-D4E7E332D1E8}.Release|Any CPU.Build.0 = Release|Any CPU
		{EADC9C1C-806E-4AF2-87AF-1D56A376E267}.Debug|Any CPU.ActiveCfg = Debug|Any CPU
		{EADC9C1C-806E-4AF2-87AF-1D56A376E267}.Debug|Any CPU.Build.0 = Debug|Any CPU
		{EADC9C1C-806E-4AF2-87AF-1D56A376E267}.Release|Any CPU.ActiveCfg = Release|Any CPU
		{EADC9C1C-806E-4AF2-87AF-1D56A376E267}.Release|Any CPU.Build.0 = Release|Any CPU
		{BD9ABAF4-29C2-42D5-B625-D604E0A44633}.Debug|Any CPU.ActiveCfg = Debug|Any CPU
		{BD9ABAF4-29C2-42D5-B625-D604E0A44633}.Debug|Any CPU.Build.0 = Debug|Any CPU
		{BD9ABAF4-29C2-42D5-B625-D604E0A44633}.Release|Any CPU.ActiveCfg = Release|Any CPU
		{BD9ABAF4-29C2-42D5-B625-D604E0A44633}.Release|Any CPU.Build.0 = Release|Any CPU
		{DCBDA808-AB4B-4DFD-AD76-622F81AD4570}.Debug|Any CPU.ActiveCfg = Debug|Any CPU
		{DCBDA808-AB4B-4DFD-AD76-622F81AD4570}.Debug|Any CPU.Build.0 = Debug|Any CPU
		{DCBDA808-AB4B-4DFD-AD76-622F81AD4570}.Release|Any CPU.ActiveCfg = Release|Any CPU
		{DCBDA808-AB4B-4DFD-AD76-622F81AD4570}.Release|Any CPU.Build.0 = Release|Any CPU
		{78A34D16-3DB7-4505-8D3D-58CC8CB816D4}.Debug|Any CPU.ActiveCfg = Debug|Any CPU
		{78A34D16-3DB7-4505-8D3D-58CC8CB816D4}.Debug|Any CPU.Build.0 = Debug|Any CPU
		{78A34D16-3DB7-4505-8D3D-58CC8CB816D4}.Release|Any CPU.ActiveCfg = Release|Any CPU
		{78A34D16-3DB7-4505-8D3D-58CC8CB816D4}.Release|Any CPU.Build.0 = Release|Any CPU
		{27EC4A23-3BF5-488C-88D2-0A8FC71D0006}.Debug|Any CPU.ActiveCfg = Debug|Any CPU
		{27EC4A23-3BF5-488C-88D2-0A8FC71D0006}.Debug|Any CPU.Build.0 = Debug|Any CPU
		{27EC4A23-3BF5-488C-88D2-0A8FC71D0006}.Release|Any CPU.ActiveCfg = Release|Any CPU
		{27EC4A23-3BF5-488C-88D2-0A8FC71D0006}.Release|Any CPU.Build.0 = Release|Any CPU
		{8659A7DC-5BE0-4390-BF02-5964364D07C4}.Debug|Any CPU.ActiveCfg = Debug|Any CPU
		{8659A7DC-5BE0-4390-BF02-5964364D07C4}.Debug|Any CPU.Build.0 = Debug|Any CPU
		{8659A7DC-5BE0-4390-BF02-5964364D07C4}.Release|Any CPU.ActiveCfg = Release|Any CPU
		{8659A7DC-5BE0-4390-BF02-5964364D07C4}.Release|Any CPU.Build.0 = Release|Any CPU
		{EB0362C2-4B56-4075-BCD8-42A4F2F7B778}.Debug|Any CPU.ActiveCfg = Debug|Any CPU
		{EB0362C2-4B56-4075-BCD8-42A4F2F7B778}.Debug|Any CPU.Build.0 = Debug|Any CPU
		{EB0362C2-4B56-4075-BCD8-42A4F2F7B778}.Release|Any CPU.ActiveCfg = Release|Any CPU
		{EB0362C2-4B56-4075-BCD8-42A4F2F7B778}.Release|Any CPU.Build.0 = Release|Any CPU
	EndGlobalSection
	GlobalSection(SolutionProperties) = preSolution
		HideSolutionNode = FALSE
	EndGlobalSection
	GlobalSection(NestedProjects) = preSolution
		{A7FCB514-A107-48F4-9614-D4E7E332D1E8} = {7254AF83-4781-492F-BFE3-C11AC3B203D3}
		{EADC9C1C-806E-4AF2-87AF-1D56A376E267} = {CFFC7D71-9300-4374-9ADA-0238FEADBDC8}
		{BD9ABAF4-29C2-42D5-B625-D604E0A44633} = {193A71D0-5616-4F7A-86F8-F1CBFBB323D3}
		{78A34D16-3DB7-4505-8D3D-58CC8CB816D4} = {193A71D0-5616-4F7A-86F8-F1CBFBB323D3}
		{27EC4A23-3BF5-488C-88D2-0A8FC71D0006} = {193A71D0-5616-4F7A-86F8-F1CBFBB323D3}
		{8659A7DC-5BE0-4390-BF02-5964364D07C4} = {CFFC7D71-9300-4374-9ADA-0238FEADBDC8}
	EndGlobalSection
	GlobalSection(ExtensibilityGlobals) = postSolution
		SolutionGuid = {BBD5751F-FDAB-4B71-B6B1-022DBFAC779A}
	EndGlobalSection
EndGlobal
